
Microsoft Visual Studio Solution File, Format Version 12.00
# Visual Studio Version 17
VisualStudioVersion = 17.5.002.0
MinimumVisualStudioVersion = 10.0.40219.1
Project("{9A19103F-16F7-4668-BE54-9A1E7A4F7556}") = "AuthService", "AuthService.csproj", "{667DAF46-7F09-4A37-942D-36CDFA1F0771}"
EndProject
Global
	GlobalSection(SolutionConfigurationPlatforms) = preSolution
		Debug|Any CPU = Debug|Any CPU
		Release|Any CPU = Release|Any CPU
	EndGlobalSection
	GlobalSection(ProjectConfigurationPlatforms) = postSolution
		{667DAF46-7F09-4A37-942D-36CDFA1F0771}.Debug|Any CPU.ActiveCfg = Debug|Any CPU
		{667DAF46-7F09-4A37-942D-36CDFA1F0771}.Debug|Any CPU.Build.0 = Debug|Any CPU
		{667DAF46-7F09-4A37-942D-36CDFA1F0771}.Release|Any CPU.ActiveCfg = Release|Any CPU
		{667DAF46-7F09-4A37-942D-36CDFA1F0771}.Release|Any CPU.Build.0 = Release|Any CPU
	EndGlobalSection
	GlobalSection(SolutionProperties) = preSolution
		HideSolutionNode = FALSE
	EndGlobalSection
	GlobalSection(ExtensibilityGlobals) = postSolution
		SolutionGuid = {95E57E20-36C7-4ED5-A9C5-277749B02D89}
	EndGlobalSection
EndGlobal
